github.com/anthonygraca/hugo-atom-feed v0.0.0-20241216025246-ea8b3c5f63ed/go.mod h1:t/kO3TMaChRkpjJWVILhJukFvnduGpGU0CDzdumkfvo=
github.com/anthonygraca/hugo-debugprint v0.0.0-20241216012944-c576ae79c81c/go.mod h1:OYbVAcdTaLv1DgeQlR804f6xFYKbcQedJa1OlmpZYds=
github.com/anthonygraca/hugo-jf2 v0.0.0-20241216025257-842ab6a2ce20/go.mod h1:CnZDsnwHRtzHL7cZmPqy4nMUmku4M6CM5vwHQIbeHAI=
github.com/anthonygraca/hugo-theme-refined v0.0.0-20241216025729-2d5a69286e02 h1:dhJ7uorbcc2hKGJyGopNFqtskO8rqN1IEBVeHDfRFos=
github.com/anthonygraca/hugo-theme-refined v0.0.0-20241216025729-2d5a69286e02/go.mod h1:TvWSBCuJp/X0gGLmp5HhmnSDBQAIzRCS+gz++cO1dUc=
github.com/julmot/mark.js v0.0.0-20210820195258-8b57fccf976b/go.mod h1:aAyDyl2EhNPiZbFqqURsAmxYwwTHslrIxZErXMO3pJQ=
github.com/kaushalmodi/hugo-search-fuse-js v0.4.4/go.mod h1:Wr6gbPat+KW6wReh/hDBykKIWn296FsEkuhojJvHHxw=
github.com/krisk/Fuse v3.2.1+incompatible/go.mod h1:3moWv8rDjwoKic9nwiPLgZjldkbdTAbtzJHCu/Vsj4A=
